
Microsoft Visual Studio Solution File, Format Version 12.00
# Visual Studio 15
VisualStudioVersion = 15.0.26430.16
MinimumVisualStudioVersion = 10.0.40219.1
Project("{FAE04EC0-301F-11D3-BF4B-00C04F79EFBC}") = "Arrays", "Arrays\Arrays.csproj", "{6FF85569-6492-44E5-AD81-A74D3FE255C8}"
EndProject
Project("{FAE04EC0-301F-11D3-BF4B-00C04F79EFBC}") = "Noughts And Crosses", "Noughts And Crosses\Noughts And Crosses.csproj", "{40923D3A-8A9A-4D2F-AB21-1F097AABC846}"
EndProject
Project("{FAE04EC0-301F-11D3-BF4B-00C04F79EFBC}") = "Variables and Data Types", "Variables and Data Types\Variables and Data Types.csproj", "{C33A629B-42BD-42F2-941B-A983E36A4252}"
EndProject
Project("{FAE04EC0-301F-11D3-BF4B-00C04F79EFBC}") = "Selection", "Selection\Selection.csproj", "{C0184965-E673-4DB4-8AF9-41E149C977FB}"
EndProject
Project("{FAE04EC0-301F-11D3-BF4B-00C04F79EFBC}") = "Iteration", "Iteration\Iteration.csproj", "{296AB6A4-F80B-4995-BFEB-531FCCBA4676}"
EndProject
Project("{FAE04EC0-301F-11D3-BF4B-00C04F79EFBC}") = "Procedures and Functions", "Procedures and Functions\Procedures and Functions.csproj", "{49D1BC6B-554C-45B2-9E59-72063E7487B4}"
EndProject
Project("{FAE04EC0-301F-11D3-BF4B-00C04F79EFBC}") = "Standard Algorithms", "Standard Algorithms\Standard Algorithms.csproj", "{9CC7D29C-E964-453D-9067-9DDF4D2D68FE}"
EndProject
Project("{FAE04EC0-301F-11D3-BF4B-00C04F79EFBC}") = "Files", "Files\Files.csproj", "{D2273E50-22CE-407E-BAEC-4F96A686E606}"
EndProject
Project("{FAE04EC0-301F-11D3-BF4B-00C04F79EFBC}") = "Recursion", "Recursion\Recursion.csproj", "{57A0DA6E-8A22-485B-82D9-16A79753B210}"
EndProject
Project("{FAE04EC0-301F-11D3-BF4B-00C04F79EFBC}") = "OOP", "OOP\OOP.csproj", "{947AD7BF-4B9B-4509-A2D2-5A96B0A88C23}"
EndProject
Project("{FAE04EC0-301F-11D3-BF4B-00C04F79EFBC}") = "ADTs", "ADTs\ADTs.csproj", "{9B85C2CA-E778-4ECF-A86D-17EA9EB4286E}"
EndProject
Project("{FAE04EC0-301F-11D3-BF4B-00C04F79EFBC}") = "Searching and Sorting", "Searching and Sorting\Searching and Sorting.csproj", "{DE1020BE-AC7E-452A-8C37-410A11EE97CB}"
EndProject
Project("{FAE04EC0-301F-11D3-BF4B-00C04F79EFBC}") = "Dictionary Hash", "Dictionary Hash\Dictionary Hash.csproj", "{56AB6533-6C40-40CD-ABBF-9A4BEC617040}"
EndProject
Project("{FAE04EC0-301F-11D3-BF4B-00C04F79EFBC}") = "Layout", "Layout\Layout.csproj", "{ACEAF774-E8EF-4144-9A6C-1E087CCAA4A3}"
EndProject
Project("{FAE04EC0-301F-11D3-BF4B-00C04F79EFBC}") = "Base", "Base\Base.csproj", "{BD956B87-AECA-496C-BD36-B4C31E1EB49D}"
EndProject
Project("{FAE04EC0-301F-11D3-BF4B-00C04F79EFBC}") = "FunctionTesting", "FunctionTesting\FunctionTesting.csproj", "{8045681B-26CF-42B0-BA5D-56F68E4437DC}"
EndProject
Project("{FAE04EC0-301F-11D3-BF4B-00C04F79EFBC}") = "Pre-Release", "Pre-Release\Pre-Release.csproj", "{CF9D6F07-A8C2-44AC-B498-54C9762162B3}"
EndProject
Global
	GlobalSection(SolutionConfigurationPlatforms) = preSolution
		Debug|Any CPU = Debug|Any CPU
		Release|Any CPU = Release|Any CPU
	EndGlobalSection
	GlobalSection(ProjectConfigurationPlatforms) = postSolution
		{6FF85569-6492-44E5-AD81-A74D3FE255C8}.Debug|Any CPU.ActiveCfg = Debug|Any CPU
		{6FF85569-6492-44E5-AD81-A74D3FE255C8}.Debug|Any CPU.Build.0 = Debug|Any CPU
		{6FF85569-6492-44E5-AD81-A74D3FE255C8}.Release|Any CPU.ActiveCfg = Release|Any CPU
		{6FF85569-6492-44E5-AD81-A74D3FE255C8}.Release|Any CPU.Build.0 = Release|Any CPU
		{40923D3A-8A9A-4D2F-AB21-1F097AABC846}.Debug|Any CPU.ActiveCfg = Debug|Any CPU
		{40923D3A-8A9A-4D2F-AB21-1F097AABC846}.Debug|Any CPU.Build.0 = Debug|Any CPU
		{40923D3A-8A9A-4D2F-AB21-1F097AABC846}.Release|Any CPU.ActiveCfg = Release|Any CPU
		{40923D3A-8A9A-4D2F-AB21-1F097AABC846}.Release|Any CPU.Build.0 = Release|Any CPU
		{C33A629B-42BD-42F2-941B-A983E36A4252}.Debug|Any CPU.ActiveCfg = Debug|Any CPU
		{C33A629B-42BD-42F2-941B-A983E36A4252}.Debug|Any CPU.Build.0 = Debug|Any CPU
		{C33A629B-42BD-42F2-941B-A983E36A4252}.Release|Any CPU.ActiveCfg = Release|Any CPU
		{C33A629B-42BD-42F2-941B-A983E36A4252}.Release|Any CPU.Build.0 = Release|Any CPU
		{C0184965-E673-4DB4-8AF9-41E149C977FB}.Debug|Any CPU.ActiveCfg = Debug|Any CPU
		{C0184965-E673-4DB4-8AF9-41E149C977FB}.Debug|Any CPU.Build.0 = Debug|Any CPU
		{C0184965-E673-4DB4-8AF9-41E149C977FB}.Release|Any CPU.ActiveCfg = Release|Any CPU
		{C0184965-E673-4DB4-8AF9-41E149C977FB}.Release|Any CPU.Build.0 = Release|Any CPU
		{296AB6A4-F80B-4995-BFEB-531FCCBA4676}.Debug|Any CPU.ActiveCfg = Debug|Any CPU
		{296AB6A4-F80B-4995-BFEB-531FCCBA4676}.Debug|Any CPU.Build.0 = Debug|Any CPU
		{296AB6A4-F80B-4995-BFEB-531FCCBA4676}.Release|Any CPU.ActiveCfg = Release|Any CPU
		{296AB6A4-F80B-4995-BFEB-531FCCBA4676}.Release|Any CPU.Build.0 = Release|Any CPU
		{49D1BC6B-554C-45B2-9E59-72063E7487B4}.Debug|Any CPU.ActiveCfg = Debug|Any CPU
		{49D1BC6B-554C-45B2-9E59-72063E7487B4}.Debug|Any CPU.Build.0 = Debug|Any CPU
		{49D1BC6B-554C-45B2-9E59-72063E7487B4}.Release|Any CPU.ActiveCfg = Release|Any CPU
		{49D1BC6B-554C-45B2-9E59-72063E7487B4}.Release|Any CPU.Build.0 = Release|Any CPU
		{9CC7D29C-E964-453D-9067-9DDF4D2D68FE}.Debug|Any CPU.ActiveCfg = Debug|Any CPU
		{9CC7D29C-E964-453D-9067-9DDF4D2D68FE}.Debug|Any CPU.Build.0 = Debug|Any CPU
		{9CC7D29C-E964-453D-9067-9DDF4D2D68FE}.Release|Any CPU.ActiveCfg = Release|Any CPU
		{9CC7D29C-E964-453D-9067-9DDF4D2D68FE}.Release|Any CPU.Build.0 = Release|Any CPU
		{D2273E50-22CE-407E-BAEC-4F96A686E606}.Debug|Any CPU.ActiveCfg = Debug|Any CPU
		{D2273E50-22CE-407E-BAEC-4F96A686E606}.Debug|Any CPU.Build.0 = Debug|Any CPU
		{D2273E50-22CE-407E-BAEC-4F96A686E606}.Release|Any CPU.ActiveCfg = Release|Any CPU
		{D2273E50-22CE-407E-BAEC-4F96A686E606}.Release|Any CPU.Build.0 = Release|Any CPU
		{57A0DA6E-8A22-485B-82D9-16A79753B210}.Debug|Any CPU.ActiveCfg = Debug|Any CPU
		{57A0DA6E-8A22-485B-82D9-16A79753B210}.Debug|Any CPU.Build.0 = Debug|Any CPU
		{57A0DA6E-8A22-485B-82D9-16A79753B210}.Release|Any CPU.ActiveCfg = Release|Any CPU
		{57A0DA6E-8A22-485B-82D9-16A79753B210}.Release|Any CPU.Build.0 = Release|Any CPU
		{947AD7BF-4B9B-4509-A2D2-5A96B0A88C23}.Debug|Any CPU.ActiveCfg = Debug|Any CPU
		{947AD7BF-4B9B-4509-A2D2-5A96B0A88C23}.Debug|Any CPU.Build.0 = Debug|Any CPU
		{947AD7BF-4B9B-4509-A2D2-5A96B0A88C23}.Release|Any CPU.ActiveCfg = Release|Any CPU
		{947AD7BF-4B9B-4509-A2D2-5A96B0A88C23}.Release|Any CPU.Build.0 = Release|Any CPU
		{9B85C2CA-E778-4ECF-A86D-17EA9EB4286E}.Debug|Any CPU.ActiveCfg = Debug|Any CPU
		{9B85C2CA-E778-4ECF-A86D-17EA9EB4286E}.Debug|Any CPU.Build.0 = Debug|Any CPU
		{9B85C2CA-E778-4ECF-A86D-17EA9EB4286E}.Release|Any CPU.ActiveCfg = Release|Any CPU
		{9B85C2CA-E778-4ECF-A86D-17EA9EB4286E}.Release|Any CPU.Build.0 = Release|Any CPU
		{DE1020BE-AC7E-452A-8C37-410A11EE97CB}.Debug|Any CPU.ActiveCfg = Debug|Any CPU
		{DE1020BE-AC7E-452A-8C37-410A11EE97CB}.Debug|Any CPU.Build.0 = Debug|Any CPU
		{DE1020BE-AC7E-452A-8C37-410A11EE97CB}.Release|Any CPU.ActiveCfg = Release|Any CPU
		{DE1020BE-AC7E-452A-8C37-410A11EE97CB}.Release|Any CPU.Build.0 = Release|Any CPU
		{56AB6533-6C40-40CD-ABBF-9A4BEC617040}.Debug|Any CPU.ActiveCfg = Debug|Any CPU
		{56AB6533-6C40-40CD-ABBF-9A4BEC617040}.Debug|Any CPU.Build.0 = Debug|Any CPU
		{56AB6533-6C40-40CD-ABBF-9A4BEC617040}.Release|Any CPU.ActiveCfg = Release|Any CPU
		{56AB6533-6C40-40CD-ABBF-9A4BEC617040}.Release|Any CPU.Build.0 = Release|Any CPU
		{ACEAF774-E8EF-4144-9A6C-1E087CCAA4A3}.Debug|Any CPU.ActiveCfg = Debug|Any CPU
		{ACEAF774-E8EF-4144-9A6C-1E087CCAA4A3}.Debug|Any CPU.Build.0 = Debug|Any CPU
		{ACEAF774-E8EF-4144-9A6C-1E087CCAA4A3}.Release|Any CPU.ActiveCfg = Release|Any CPU
		{ACEAF774-E8EF-4144-9A6C-1E087CCAA4A3}.Release|Any CPU.Build.0 = Release|Any CPU
		{BD956B87-AECA-496C-BD36-B4C31E1EB49D}.Debug|Any CPU.ActiveCfg = Debug|Any CPU
		{BD956B87-AECA-496C-BD36-B4C31E1EB49D}.Debug|Any CPU.Build.0 = Debug|Any CPU
		{BD956B87-AECA-496C-BD36-B4C31E1EB49D}.Release|Any CPU.ActiveCfg = Release|Any CPU
		{BD956B87-AECA-496C-BD36-B4C31E1EB49D}.Release|Any CPU.Build.0 = Release|Any CPU
		{8045681B-26CF-42B0-BA5D-56F68E4437DC}.Debug|Any CPU.ActiveCfg = Debug|Any CPU
		{8045681B-26CF-42B0-BA5D-56F68E4437DC}.Debug|Any CPU.Build.0 = Debug|Any CPU
		{8045681B-26CF-42B0-BA5D-56F68E4437DC}.Release|Any CPU.ActiveCfg = Release|Any CPU
		{8045681B-26CF-42B0-BA5D-56F68E4437DC}.Release|Any CPU.Build.0 = Release|Any CPU
		{CF9D6F07-A8C2-44AC-B498-54C9762162B3}.Debug|Any CPU.ActiveCfg = Debug|Any CPU
		{CF9D6F07-A8C2-44AC-B498-54C9762162B3}.Debug|Any CPU.Build.0 = Debug|Any CPU
		{CF9D6F07-A8C2-44AC-B498-54C9762162B3}.Release|Any CPU.ActiveCfg = Release|Any CPU
		{CF9D6F07-A8C2-44AC-B498-54C9762162B3}.Release|Any CPU.Build.0 = Release|Any CPU
	EndGlobalSection
	GlobalSection(SolutionProperties) = preSolution
		HideSolutionNode = FALSE
	EndGlobalSection
	GlobalSection(ExtensibilityGlobals) = postSolution
		SolutionGuid = {030321D2-983F-403E-A797-DB4B5365C5E2}
	EndGlobalSection
	GlobalSection(NestedProjects) = preSolution
	EndGlobalSection
EndGlobal
